
Microsoft Visual Studio Solution File, Format Version 12.00
# Visual Studio Version 16
VisualStudioVersion = 16.0.31019.35
MinimumVisualStudioVersion = 10.0.40219.1
Project("{FAE04EC0-301F-11D3-BF4B-00C04F79EFBC}") = "Elev8App", "Elev8App.csproj", "{BA2FE632-E326-4226-874C-D0030DA2BCAC}"
EndProject
Project("{FAE04EC0-301F-11D3-BF4B-00C04F79EFBC}") = "Elev8DB", "..\Elev8DB\Elev8DB.csproj", "{E3BF7254-59BB-4038-AC7D-42FC809D9246}"
EndProject
Global
	GlobalSection(SolutionConfigurationPlatforms) = preSolution
		Debug|Any CPU = Debug|Any CPU
		Release|Any CPU = Release|Any CPU
	EndGlobalSection
	GlobalSection(ProjectConfigurationPlatforms) = postSolution
		{BA2FE632-E326-4226-874C-D0030DA2BCAC}.Debug|Any CPU.ActiveCfg = Debug|Any CPU
		{BA2FE632-E326-4226-874C-D0030DA2BCAC}.Debug|Any CPU.Build.0 = Debug|Any CPU
		{BA2FE632-E326-4226-874C-D0030DA2BCAC}.Release|Any CPU.ActiveCfg = Release|Any CPU
		{BA2FE632-E326-4226-874C-D0030DA2BCAC}.Release|Any CPU.Build.0 = Release|Any CPU
		{E3BF7254-59BB-4038-AC7D-42FC809D9246}.Debug|Any CPU.ActiveCfg = Debug|Any CPU
		{E3BF7254-59BB-4038-AC7D-42FC809D9246}.Debug|Any CPU.Build.0 = Debug|Any CPU
		{E3BF7254-59BB-4038-AC7D-42FC809D9246}.Release|Any CPU.ActiveCfg = Release|Any CPU
		{E3BF7254-59BB-4038-AC7D-42FC809D9246}.Release|Any CPU.Build.0 = Release|Any CPU
	EndGlobalSection
	GlobalSection(SolutionProperties) = preSolution
		HideSolutionNode = FALSE
	EndGlobalSection
	GlobalSection(ExtensibilityGlobals) = postSolution
		SolutionGuid = {00D57464-B7CB-4E5A-9635-BC0C7C34D4DF}
	EndGlobalSection
EndGlobal
